
Microsoft Visual Studio Solution File, Format Version 12.00
# Visual Studio 15
Project("{FAE04EC0-301F-11D3-BF4B-00C04F79EFBC}") = "SportStore", "SportStore.csproj", "{685C2DB4-CCD0-43A6-AD8B-D67CBAAE7B95}"
EndProject
Global
	GlobalSection(SolutionConfigurationPlatforms) = preSolution
		Debug|Any CPU = Debug|Any CPU
		Release|Any CPU = Release|Any CPU
	EndGlobalSection
	GlobalSection(ProjectConfigurationPlatforms) = postSolution
		{685C2DB4-CCD0-43A6-AD8B-D67CBAAE7B95}.Debug|Any CPU.ActiveCfg = Debug|Any CPU
		{685C2DB4-CCD0-43A6-AD8B-D67CBAAE7B95}.Debug|Any CPU.Build.0 = Debug|Any CPU
		{685C2DB4-CCD0-43A6-AD8B-D67CBAAE7B95}.Release|Any CPU.ActiveCfg = Release|Any CPU
		{685C2DB4-CCD0-43A6-AD8B-D67CBAAE7B95}.Release|Any CPU.Build.0 = Release|Any CPU
	EndGlobalSection
EndGlobal
